
Microsoft Visual Studio Solution File, Format Version 12.00
# Visual Studio Version 16
VisualStudioVersion = 16.0.35826.135
MinimumVisualStudioVersion = 10.0.40219.1
Project("{FAE04EC0-301F-11D3-BF4B-00C04F79EFBC}") = "EuroText2", "EuroText2\EuroText2.csproj", "{DF05E0CE-1B9F-4272-95CB-2732F83BA77C}"
EndProject
Project("{FAE04EC0-301F-11D3-BF4B-00C04F79EFBC}") = "ConsoleControl", "ConsoleControl\ConsoleControl.csproj", "{8779B550-5F60-4A3E-AF7E-F0B3D96FA582}"
EndProject
Global
	GlobalSection(SolutionConfigurationPlatforms) = preSolution
		Debug|Any CPU = Debug|Any CPU
		Release|Any CPU = Release|Any CPU
	EndGlobalSection
	GlobalSection(ProjectConfigurationPlatforms) = postSolution
		{DF05E0CE-1B9F-4272-95CB-2732F83BA77C}.Debug|Any CPU.ActiveCfg = Debug|Any CPU
		{DF05E0CE-1B9F-4272-95CB-2732F83BA77C}.Debug|Any CPU.Build.0 = Debug|Any CPU
		{DF05E0CE-1B9F-4272-95CB-2732F83BA77C}.Release|Any CPU.ActiveCfg = Release|Any CPU
		{DF05E0CE-1B9F-4272-95CB-2732F83BA77C}.Release|Any CPU.Build.0 = Release|Any CPU
		{8779B550-5F60-4A3E-AF7E-F0B3D96FA582}.Debug|Any CPU.ActiveCfg = Debug|Any CPU
		{8779B550-5F60-4A3E-AF7E-F0B3D96FA582}.Debug|Any CPU.Build.0 = Debug|Any CPU
		{8779B550-5F60-4A3E-AF7E-F0B3D96FA582}.Release|Any CPU.ActiveCfg = Release|Any CPU
		{8779B550-5F60-4A3E-AF7E-F0B3D96FA582}.Release|Any CPU.Build.0 = Release|Any CPU
	EndGlobalSection
	GlobalSection(SolutionProperties) = preSolution
		HideSolutionNode = FALSE
	EndGlobalSection
	GlobalSection(ExtensibilityGlobals) = postSolution
		SolutionGuid = {06FD8C98-6B61-4407-A8C5-47E712B5AB4B}
	EndGlobalSection
EndGlobal
