
Microsoft Visual Studio Solution File, Format Version 12.00
# Visual Studio Version 16
VisualStudioVersion = 16.0.32228.343
MinimumVisualStudioVersion = 10.0.40219.1
Project("{FAE04EC0-301F-11D3-BF4B-00C04F79EFBC}") = "EuroTextEditor", "EuroTextEditor\EuroTextEditor.csproj", "{32D27B66-5696-4BBA-8973-4A70A9E7D86F}"
EndProject
Project("{FAE04EC0-301F-11D3-BF4B-00C04F79EFBC}") = "ConsoleControl", "ConsoleControl\ConsoleControl.csproj", "{A498C578-3023-4E5E-AE72-D240D7F01E82}"
EndProject
Global
	GlobalSection(SolutionConfigurationPlatforms) = preSolution
		Debug|Any CPU = Debug|Any CPU
		Release|Any CPU = Release|Any CPU
	EndGlobalSection
	GlobalSection(ProjectConfigurationPlatforms) = postSolution
		{32D27B66-5696-4BBA-8973-4A70A9E7D86F}.Debug|Any CPU.ActiveCfg = Debug|Any CPU
		{32D27B66-5696-4BBA-8973-4A70A9E7D86F}.Debug|Any CPU.Build.0 = Debug|Any CPU
		{32D27B66-5696-4BBA-8973-4A70A9E7D86F}.Release|Any CPU.ActiveCfg = Release|Any CPU
		{32D27B66-5696-4BBA-8973-4A70A9E7D86F}.Release|Any CPU.Build.0 = Release|Any CPU
		{A498C578-3023-4E5E-AE72-D240D7F01E82}.Debug|Any CPU.ActiveCfg = Debug|Any CPU
		{A498C578-3023-4E5E-AE72-D240D7F01E82}.Debug|Any CPU.Build.0 = Debug|Any CPU
		{A498C578-3023-4E5E-AE72-D240D7F01E82}.Release|Any CPU.ActiveCfg = Release|Any CPU
		{A498C578-3023-4E5E-AE72-D240D7F01E82}.Release|Any CPU.Build.0 = Release|Any CPU
	EndGlobalSection
	GlobalSection(SolutionProperties) = preSolution
		HideSolutionNode = FALSE
	EndGlobalSection
	GlobalSection(ExtensibilityGlobals) = postSolution
		SolutionGuid = {931107E6-17CA-4521-B92B-F9B4D22D95D2}
	EndGlobalSection
EndGlobal
